
Microsoft Visual Studio Solution File, Format Version 12.00
# Visual Studio Version 17
VisualStudioVersion = 17.12.35209.166
MinimumVisualStudioVersion = 10.0.40219.1
Project("{FAE04EC0-301F-11D3-BF4B-00C04F79EFBC}") = "WpfApp1", "WpfApp1\WpfApp1.csproj", "{5BBCE755-6C04-4574-8B30-90A9942440D7}"
EndProject
Global
	GlobalSection(SolutionConfigurationPlatforms) = preSolution
		Debug|Any CPU = Debug|Any CPU
		Release|Any CPU = Release|Any CPU
	EndGlobalSection
	GlobalSection(ProjectConfigurationPlatforms) = postSolution
		{5BBCE755-6C04-4574-8B30-90A9942440D7}.Debug|Any CPU.ActiveCfg = Debug|Any CPU
		{5BBCE755-6C04-4574-8B30-90A9942440D7}.Debug|Any CPU.Build.0 = Debug|Any CPU
		{5BBCE755-6C04-4574-8B30-90A9942440D7}.Release|Any CPU.ActiveCfg = Release|Any CPU
		{5BBCE755-6C04-4574-8B30-90A9942440D7}.Release|Any CPU.Build.0 = Release|Any CPU
	EndGlobalSection
	GlobalSection(SolutionProperties) = preSolution
		HideSolutionNode = FALSE
	EndGlobalSection
	GlobalSection(ExtensibilityGlobals) = postSolution
		SolutionGuid = {907EB8E3-C95B-4BEE-82D9-B247F08E4015}
	EndGlobalSection
EndGlobal
